
Microsoft Visual Studio Solution File, Format Version 12.00
# Visual Studio 15
VisualStudioVersion = 15.0.28307.136
MinimumVisualStudioVersion = 10.0.40219.1
Project("{00D1A9C2-B5F0-4AF3-8072-F6C62B433612}") = "DatabaseCLR", "DatabaseCLR\DatabaseCLR.sqlproj", "{D9CC05E5-AB71-4809-BF52-BB17171D5A57}"
EndProject
Global
	GlobalSection(SolutionConfigurationPlatforms) = preSolution
		Debug|Any CPU = Debug|Any CPU
		Release|Any CPU = Release|Any CPU
	EndGlobalSection
	GlobalSection(ProjectConfigurationPlatforms) = postSolution
		{D9CC05E5-AB71-4809-BF52-BB17171D5A57}.Debug|Any CPU.ActiveCfg = Debug|Any CPU
		{D9CC05E5-AB71-4809-BF52-BB17171D5A57}.Debug|Any CPU.Build.0 = Debug|Any CPU
		{D9CC05E5-AB71-4809-BF52-BB17171D5A57}.Debug|Any CPU.Deploy.0 = Debug|Any CPU
		{D9CC05E5-AB71-4809-BF52-BB17171D5A57}.Release|Any CPU.ActiveCfg = Release|Any CPU
		{D9CC05E5-AB71-4809-BF52-BB17171D5A57}.Release|Any CPU.Build.0 = Release|Any CPU
		{D9CC05E5-AB71-4809-BF52-BB17171D5A57}.Release|Any CPU.Deploy.0 = Release|Any CPU
	EndGlobalSection
	GlobalSection(SolutionProperties) = preSolution
		HideSolutionNode = FALSE
	EndGlobalSection
	GlobalSection(ExtensibilityGlobals) = postSolution
		SolutionGuid = {B2508541-1721-40B8-909C-2AE605CCC976}
	EndGlobalSection
EndGlobal
